
Microsoft Visual Studio Solution File, Format Version 12.00
# Visual Studio Version 17
VisualStudioVersion = 17.13.35931.197 d17.13
MinimumVisualStudioVersion = 10.0.40219.1
Project("{FAE04EC0-301F-11D3-BF4B-00C04F79EFBC}") = "smart-feedback", "smart-feedback.csproj", "{B3274277-A567-499C-A868-072994C36A1F}"
EndProject
Global
	GlobalSection(SolutionConfigurationPlatforms) = preSolution
		Debug|Any CPU = Debug|Any CPU
		Release|Any CPU = Release|Any CPU
	EndGlobalSection
	GlobalSection(ProjectConfigurationPlatforms) = postSolution
		{B3274277-A567-499C-A868-072994C36A1F}.Debug|Any CPU.ActiveCfg = Debug|Any CPU
		{B3274277-A567-499C-A868-072994C36A1F}.Debug|Any CPU.Build.0 = Debug|Any CPU
		{B3274277-A567-499C-A868-072994C36A1F}.Release|Any CPU.ActiveCfg = Release|Any CPU
		{B3274277-A567-499C-A868-072994C36A1F}.Release|Any CPU.Build.0 = Release|Any CPU
	EndGlobalSection
	GlobalSection(SolutionProperties) = preSolution
		HideSolutionNode = FALSE
	EndGlobalSection
	GlobalSection(ExtensibilityGlobals) = postSolution
		SolutionGuid = {EABF3635-9F18-48B0-9BE5-CAEF36C3537E}
	EndGlobalSection
EndGlobal
